
Microsoft Visual Studio Solution File, Format Version 12.00
# Visual Studio 15
VisualStudioVersion = 15.0.27130.2024
MinimumVisualStudioVersion = 10.0.40219.1
Project("{FAE04EC0-301F-11D3-BF4B-00C04F79EFBC}") = "HW12", "HW12.csproj", "{DED398B9-B346-4F17-A8B6-AB00E1A2FF00}"
EndProject
Global
	GlobalSection(SolutionConfigurationPlatforms) = preSolution
		Debug|Any CPU = Debug|Any CPU
		Release|Any CPU = Release|Any CPU
	EndGlobalSection
	GlobalSection(ProjectConfigurationPlatforms) = postSolution
		{DED398B9-B346-4F17-A8B6-AB00E1A2FF00}.Debug|Any CPU.ActiveCfg = Debug|Any CPU
		{DED398B9-B346-4F17-A8B6-AB00E1A2FF00}.Debug|Any CPU.Build.0 = Debug|Any CPU
		{DED398B9-B346-4F17-A8B6-AB00E1A2FF00}.Release|Any CPU.ActiveCfg = Release|Any CPU
		{DED398B9-B346-4F17-A8B6-AB00E1A2FF00}.Release|Any CPU.Build.0 = Release|Any CPU
	EndGlobalSection
	GlobalSection(SolutionProperties) = preSolution
		HideSolutionNode = FALSE
	EndGlobalSection
	GlobalSection(ExtensibilityGlobals) = postSolution
		SolutionGuid = {DD50A251-4A5D-488C-93BE-18E68BDDE5BB}
	EndGlobalSection
EndGlobal
